{
  "name": "poetry-a-la-markov",
  "version": "1.0.0",
  "lockfileVersion": 1,
  "requires": true,
  "dependencies": {
    "fs": {
      "version": "0.0.1-security",
      "resolved": "https://registry.npmjs.org/fs/-/fs-0.0.1-security.tgz",
      "integrity": "sha1-invTcYa23d84E/I4WLV+yq9eQdQ="
    },
    "string-markov-js": {
      "version": "1.2.4",
      "resolved": "https://registry.npmjs.org/string-markov-js/-/string-markov-js-1.2.4.tgz",
      "integrity": "sha512-4Rh5ogczwi1IYuHhwzLttlmvRTlOMrSfwC45gfYi6muGNVU8KNzIsyjvjgf9+b3PYEKCWDPjBt5iNMxW3G5vJA==",
      "requires": {
        "fs": "0.0.1-security"
      }
    }
  }
}
